// !$*UTF8*$!
{
	archiveVersion = 1;
	classes = {
	};
	objectVersion = 46;
	objects = {

/* Begin PBXBuildFile section */
		591CF4D91E855A67009279BA /* CLElement.cpp in Sources */ = {isa = PBXBuildFile; fileRef = 591CF4D81E855A67009279BA /* CLElement.cpp */; };
		591CF4DC1E855AFE009279BA /* GXElement.cpp in Sources */ = {isa = PBXBuildFile; fileRef = 591CF4DA1E855AFE009279BA /* GXElement.cpp */; };
		591CF4E01E855B78009279BA /* GXGeometry.cpp in Sources */ = {isa = PBXBuildFile; fileRef = 591CF4DE1E855B78009279BA /* GXGeometry.cpp */; };
		591CF4E31E855D06009279BA /* CLElement.cpp in Sources */ = {isa = PBXBuildFile; fileRef = 591CF4D81E855A67009279BA /* CLElement.cpp */; };
		591CF4E41E855D06009279BA /* StringOperations.cpp in Sources */ = {isa = PBXBuildFile; fileRef = 5923E8C21E82C99C00587675 /* StringOperations.cpp */; };
		591CF4E51E855D06009279BA /* GXGeometry.cpp in Sources */ = {isa = PBXBuildFile; fileRef = 591CF4DE1E855B78009279BA /* GXGeometry.cpp */; };
		591CF4E61E855D06009279BA /* FileSystem.cpp in Sources */ = {isa = PBXBuildFile; fileRef = 5923E8BF1E82C96E00587675 /* FileSystem.cpp */; };
		591CF4E71E855D06009279BA /* CLApplicationDelegate.cpp in Sources */ = {isa = PBXBuildFile; fileRef = 5923E8B91E82C3C400587675 /* CLApplicationDelegate.cpp */; };
		591CF4E81E855D06009279BA /* GXElement.cpp in Sources */ = {isa = PBXBuildFile; fileRef = 591CF4DA1E855AFE009279BA /* GXElement.cpp */; };
		591CF4EA1E855D06009279BA /* CLApplication.cpp in Sources */ = {isa = PBXBuildFile; fileRef = 5923E8A81E82C0A400587675 /* CLApplication.cpp */; };
		591CF4EC1E855D06009279BA /* libGroundBase-cpp.dylib in Frameworks */ = {isa = PBXBuildFile; fileRef = 5923E8A21E82C05200587675 /* libGroundBase-cpp.dylib */; };
		591CF4ED1E855D06009279BA /* libGroundBase.dylib in Frameworks */ = {isa = PBXBuildFile; fileRef = 5923E8A31E82C05200587675 /* libGroundBase.dylib */; };
		591CF4F51E855D2D009279BA /* main.cpp in Sources */ = {isa = PBXBuildFile; fileRef = 591CF4D31E85530C009279BA /* main.cpp */; };
		591CF4F61E855D33009279BA /* GXTestMain.cpp in Sources */ = {isa = PBXBuildFile; fileRef = 591CF4F31E855D23009279BA /* GXTestMain.cpp */; };
		591CF4FA1E855EF0009279BA /* GXRenderer.cpp in Sources */ = {isa = PBXBuildFile; fileRef = 591CF4F71E855E77009279BA /* GXRenderer.cpp */; };
		591CF4FD1E8568E8009279BA /* GXPath.cpp in Sources */ = {isa = PBXBuildFile; fileRef = 591CF4FB1E8568E8009279BA /* GXPath.cpp */; };
		591CF5001E856914009279BA /* GXColors.cpp in Sources */ = {isa = PBXBuildFile; fileRef = 591CF4FE1E856914009279BA /* GXColors.cpp */; };
		591CF5051E857260009279BA /* Display.cpp in Sources */ = {isa = PBXBuildFile; fileRef = 591CF5031E857260009279BA /* Display.cpp */; };
		591CF50D1E859578009279BA /* AbstractDisplayImpl.cpp in Sources */ = {isa = PBXBuildFile; fileRef = 591CF50B1E859578009279BA /* AbstractDisplayImpl.cpp */; };
		591CF5101E8599DE009279BA /* DisplayImplDum.cpp in Sources */ = {isa = PBXBuildFile; fileRef = 591CF50E1E8599DE009279BA /* DisplayImplDum.cpp */; };
		59221BDD1E87D7E5006C09FE /* GXColors.cpp in Sources */ = {isa = PBXBuildFile; fileRef = 591CF4FE1E856914009279BA /* GXColors.cpp */; };
		59221BE01E87D7E9006C09FE /* GXPath.cpp in Sources */ = {isa = PBXBuildFile; fileRef = 591CF4FB1E8568E8009279BA /* GXPath.cpp */; };
		59221BE11E87D7F1006C09FE /* GXRenderer.cpp in Sources */ = {isa = PBXBuildFile; fileRef = 591CF4F71E855E77009279BA /* GXRenderer.cpp */; };
		59221BE41E87D80D006C09FE /* GXRenderer.cpp in Sources */ = {isa = PBXBuildFile; fileRef = 591CF4F71E855E77009279BA /* GXRenderer.cpp */; };
		59221BE51E87D80D006C09FE /* DisplayImplDum.cpp in Sources */ = {isa = PBXBuildFile; fileRef = 591CF50E1E8599DE009279BA /* DisplayImplDum.cpp */; };
		59221BE61E87D80D006C09FE /* CLElement.cpp in Sources */ = {isa = PBXBuildFile; fileRef = 591CF4D81E855A67009279BA /* CLElement.cpp */; };
		59221BE71E87D80D006C09FE /* Display.cpp in Sources */ = {isa = PBXBuildFile; fileRef = 591CF5031E857260009279BA /* Display.cpp */; };
		59221BE81E87D80D006C09FE /* StringOperations.cpp in Sources */ = {isa = PBXBuildFile; fileRef = 5923E8C21E82C99C00587675 /* StringOperations.cpp */; };
		59221BE91E87D80D006C09FE /* AbstractDisplayImpl.cpp in Sources */ = {isa = PBXBuildFile; fileRef = 591CF50B1E859578009279BA /* AbstractDisplayImpl.cpp */; };
		59221BEA1E87D80D006C09FE /* GXGeometry.cpp in Sources */ = {isa = PBXBuildFile; fileRef = 591CF4DE1E855B78009279BA /* GXGeometry.cpp */; };
		59221BEC1E87D80D006C09FE /* GXPath.cpp in Sources */ = {isa = PBXBuildFile; fileRef = 591CF4FB1E8568E8009279BA /* GXPath.cpp */; };
		59221BED1E87D80D006C09FE /* FileSystem.cpp in Sources */ = {isa = PBXBuildFile; fileRef = 5923E8BF1E82C96E00587675 /* FileSystem.cpp */; };
		59221BEE1E87D80D006C09FE /* CLApplicationDelegate.cpp in Sources */ = {isa = PBXBuildFile; fileRef = 5923E8B91E82C3C400587675 /* CLApplicationDelegate.cpp */; };
		59221BEF1E87D80D006C09FE /* GXColors.cpp in Sources */ = {isa = PBXBuildFile; fileRef = 591CF4FE1E856914009279BA /* GXColors.cpp */; };
		59221BF01E87D80D006C09FE /* GXElement.cpp in Sources */ = {isa = PBXBuildFile; fileRef = 591CF4DA1E855AFE009279BA /* GXElement.cpp */; };
		59221BF11E87D80D006C09FE /* CLApplication.cpp in Sources */ = {isa = PBXBuildFile; fileRef = 5923E8A81E82C0A400587675 /* CLApplication.cpp */; };
		59221BF31E87D80D006C09FE /* libGroundBase-cpp.dylib in Frameworks */ = {isa = PBXBuildFile; fileRef = 5923E8A21E82C05200587675 /* libGroundBase-cpp.dylib */; };
		59221BF41E87D80D006C09FE /* libGroundBase.dylib in Frameworks */ = {isa = PBXBuildFile; fileRef = 5923E8A31E82C05200587675 /* libGroundBase.dylib */; };
		59221BFB1E87D82F006C09FE /* TestSelector.cpp in Sources */ = {isa = PBXBuildFile; fileRef = 59221BFA1E87D82F006C09FE /* TestSelector.cpp */; };
		5923E8A41E82C05200587675 /* libGroundBase-cpp.dylib in Frameworks */ = {isa = PBXBuildFile; fileRef = 5923E8A21E82C05200587675 /* libGroundBase-cpp.dylib */; };
		5923E8A51E82C05200587675 /* libGroundBase.dylib in Frameworks */ = {isa = PBXBuildFile; fileRef = 5923E8A31E82C05200587675 /* libGroundBase.dylib */; };
		5923E8AA1E82C0A400587675 /* CLApplication.cpp in Sources */ = {isa = PBXBuildFile; fileRef = 5923E8A81E82C0A400587675 /* CLApplication.cpp */; };
		5923E8BB1E82C3C400587675 /* CLApplicationDelegate.cpp in Sources */ = {isa = PBXBuildFile; fileRef = 5923E8B91E82C3C400587675 /* CLApplicationDelegate.cpp */; };
		5923E8C11E82C96E00587675 /* FileSystem.cpp in Sources */ = {isa = PBXBuildFile; fileRef = 5923E8BF1E82C96E00587675 /* FileSystem.cpp */; };
		5923E8C41E82C99C00587675 /* StringOperations.cpp in Sources */ = {isa = PBXBuildFile; fileRef = 5923E8C21E82C99C00587675 /* StringOperations.cpp */; };
		59FA9CEB1E8C176B00A96B57 /* GXLayer.cpp in Sources */ = {isa = PBXBuildFile; fileRef = 59FA9CE91E8C176B00A96B57 /* GXLayer.cpp */; };
		59FA9CEC1E8C176B00A96B57 /* GXLayer.cpp in Sources */ = {isa = PBXBuildFile; fileRef = 59FA9CE91E8C176B00A96B57 /* GXLayer.cpp */; };
		59FA9D001E8ED3B800A96B57 /* GXRenderer.cpp in Sources */ = {isa = PBXBuildFile; fileRef = 591CF4F71E855E77009279BA /* GXRenderer.cpp */; };
		59FA9D011E8ED3B800A96B57 /* DisplayImplDum.cpp in Sources */ = {isa = PBXBuildFile; fileRef = 591CF50E1E8599DE009279BA /* DisplayImplDum.cpp */; };
		59FA9D021E8ED3B800A96B57 /* CLElement.cpp in Sources */ = {isa = PBXBuildFile; fileRef = 591CF4D81E855A67009279BA /* CLElement.cpp */; };
		59FA9D031E8ED3B800A96B57 /* Display.cpp in Sources */ = {isa = PBXBuildFile; fileRef = 591CF5031E857260009279BA /* Display.cpp */; };
		59FA9D041E8ED3B800A96B57 /* StringOperations.cpp in Sources */ = {isa = PBXBuildFile; fileRef = 5923E8C21E82C99C00587675 /* StringOperations.cpp */; };
		59FA9D051E8ED3B800A96B57 /* AbstractDisplayImpl.cpp in Sources */ = {isa = PBXBuildFile; fileRef = 591CF50B1E859578009279BA /* AbstractDisplayImpl.cpp */; };
		59FA9D061E8ED3B800A96B57 /* GXGeometry.cpp in Sources */ = {isa = PBXBuildFile; fileRef = 591CF4DE1E855B78009279BA /* GXGeometry.cpp */; };
		59FA9D071E8ED3B800A96B57 /* GXPath.cpp in Sources */ = {isa = PBXBuildFile; fileRef = 591CF4FB1E8568E8009279BA /* GXPath.cpp */; };
		59FA9D091E8ED3B800A96B57 /* FileSystem.cpp in Sources */ = {isa = PBXBuildFile; fileRef = 5923E8BF1E82C96E00587675 /* FileSystem.cpp */; };
		59FA9D0A1E8ED3B800A96B57 /* CLApplicationDelegate.cpp in Sources */ = {isa = PBXBuildFile; fileRef = 5923E8B91E82C3C400587675 /* CLApplicationDelegate.cpp */; };
		59FA9D0B1E8ED3B800A96B57 /* GXColors.cpp in Sources */ = {isa = PBXBuildFile; fileRef = 591CF4FE1E856914009279BA /* GXColors.cpp */; };
		59FA9D0C1E8ED3B800A96B57 /* GXElement.cpp in Sources */ = {isa = PBXBuildFile; fileRef = 591CF4DA1E855AFE009279BA /* GXElement.cpp */; };
		59FA9D0D1E8ED3B800A96B57 /* CLApplication.cpp in Sources */ = {isa = PBXBuildFile; fileRef = 5923E8A81E82C0A400587675 /* CLApplication.cpp */; };
		59FA9D0F1E8ED3B800A96B57 /* libGroundBase-cpp.dylib in Frameworks */ = {isa = PBXBuildFile; fileRef = 5923E8A21E82C05200587675 /* libGroundBase-cpp.dylib */; };
		59FA9D101E8ED3B800A96B57 /* libGroundBase.dylib in Frameworks */ = {isa = PBXBuildFile; fileRef = 5923E8A31E82C05200587675 /* libGroundBase.dylib */; };
		59FA9D171E8ED3EA00A96B57 /* TestFonts.cpp in Sources */ = {isa = PBXBuildFile; fileRef = 59FA9D161E8ED3EA00A96B57 /* TestFonts.cpp */; };
		59FA9D1B1E8ED46900A96B57 /* FontParser.cpp in Sources */ = {isa = PBXBuildFile; fileRef = 59FA9D191E8ED46900A96B57 /* FontParser.cpp */; };
		59FA9D1C1E8ED46900A96B57 /* FontParser.cpp in Sources */ = {isa = PBXBuildFile; fileRef = 59FA9D191E8ED46900A96B57 /* FontParser.cpp */; };
		59FA9D1D1E8ED46900A96B57 /* FontParser.cpp in Sources */ = {isa = PBXBuildFile; fileRef = 59FA9D191E8ED46900A96B57 /* FontParser.cpp */; };
		59FA9D1E1E8ED46900A96B57 /* FontParser.cpp in Sources */ = {isa = PBXBuildFile; fileRef = 59FA9D191E8ED46900A96B57 /* FontParser.cpp */; };
		59FA9D201E8ED65000A96B57 /* libfreetype.dylib in Frameworks */ = {isa = PBXBuildFile; fileRef = 59FA9D1F1E8ED65000A96B57 /* libfreetype.dylib */; };
		59FA9D231E8F941100A96B57 /* GXFont.cpp in Sources */ = {isa = PBXBuildFile; fileRef = 59FA9D211E8F941100A96B57 /* GXFont.cpp */; };
		59FA9D241E8F941100A96B57 /* GXFont.cpp in Sources */ = {isa = PBXBuildFile; fileRef = 59FA9D211E8F941100A96B57 /* GXFont.cpp */; };
		59FA9D251E8F941100A96B57 /* GXFont.cpp in Sources */ = {isa = PBXBuildFile; fileRef = 59FA9D211E8F941100A96B57 /* GXFont.cpp */; };
		59FA9D261E8F941100A96B57 /* GXFont.cpp in Sources */ = {isa = PBXBuildFile; fileRef = 59FA9D211E8F941100A96B57 /* GXFont.cpp */; };
		59FA9D291E8FAAFD00A96B57 /* LayoutManager.cpp in Sources */ = {isa = PBXBuildFile; fileRef = 59FA9D271E8FAAFD00A96B57 /* LayoutManager.cpp */; };
		59FA9D2A1E8FAAFD00A96B57 /* LayoutManager.cpp in Sources */ = {isa = PBXBuildFile; fileRef = 59FA9D271E8FAAFD00A96B57 /* LayoutManager.cpp */; };
		59FA9D2B1E8FAAFD00A96B57 /* LayoutManager.cpp in Sources */ = {isa = PBXBuildFile; fileRef = 59FA9D271E8FAAFD00A96B57 /* LayoutManager.cpp */; };
		59FA9D2C1E8FAAFD00A96B57 /* LayoutManager.cpp in Sources */ = {isa = PBXBuildFile; fileRef = 59FA9D271E8FAAFD00A96B57 /* LayoutManager.cpp */; };
		59FA9D521E910D9900A96B57 /* GXText.cpp in Sources */ = {isa = PBXBuildFile; fileRef = 59FA9D501E910D9900A96B57 /* GXText.cpp */; };
		59FA9D531E910D9900A96B57 /* GXText.cpp in Sources */ = {isa = PBXBuildFile; fileRef = 59FA9D501E910D9900A96B57 /* GXText.cpp */; };
		59FA9D541E910D9900A96B57 /* GXText.cpp in Sources */ = {isa = PBXBuildFile; fileRef = 59FA9D501E910D9900A96B57 /* GXText.cpp */; };
		59FA9D551E910D9900A96B57 /* GXText.cpp in Sources */ = {isa = PBXBuildFile; fileRef = 59FA9D501E910D9900A96B57 /* GXText.cpp */; };
		59FA9D561E910DE800A96B57 /* libfreetype.dylib in Frameworks */ = {isa = PBXBuildFile; fileRef = 59FA9D1F1E8ED65000A96B57 /* libfreetype.dylib */; };
		59FA9D611E9158E600A96B57 /* TCPMouse.cpp in Sources */ = {isa = PBXBuildFile; fileRef = 59FA9D5F1E9158E600A96B57 /* TCPMouse.cpp */; };
		59FA9D621E9158E600A96B57 /* TCPMouse.cpp in Sources */ = {isa = PBXBuildFile; fileRef = 59FA9D5F1E9158E600A96B57 /* TCPMouse.cpp */; };
		59FA9D631E9158E600A96B57 /* TCPMouse.cpp in Sources */ = {isa = PBXBuildFile; fileRef = 59FA9D5F1E9158E600A96B57 /* TCPMouse.cpp */; };
		59FA9D641E9158E600A96B57 /* TCPMouse.cpp in Sources */ = {isa = PBXBuildFile; fileRef = 59FA9D5F1E9158E600A96B57 /* TCPMouse.cpp */; };
		59FA9DA31E9236CE00A96B57 /* FontManager.cpp in Sources */ = {isa = PBXBuildFile; fileRef = 59FA9DA11E9236CE00A96B57 /* FontManager.cpp */; };
		59FA9DA41E9236CE00A96B57 /* FontManager.cpp in Sources */ = {isa = PBXBuildFile; fileRef = 59FA9DA11E9236CE00A96B57 /* FontManager.cpp */; };
		59FA9DA51E9236CE00A96B57 /* FontManager.cpp in Sources */ = {isa = PBXBuildFile; fileRef = 59FA9DA11E9236CE00A96B57 /* FontManager.cpp */; };
		59FA9DA61E9236CE00A96B57 /* FontManager.cpp in Sources */ = {isa = PBXBuildFile; fileRef = 59FA9DA11E9236CE00A96B57 /* FontManager.cpp */; };
/* End PBXBuildFile section */

/* Begin PBXContainerItemProxy section */
		5923E8921E82B95D00587675 /* PBXContainerItemProxy */ = {
			isa = PBXContainerItemProxy;
			containerPortal = 5923E88C1E82B95C00587675 /* GroundBase-cpp.xcodeproj */;
			proxyType = 2;
			remoteGlobalIDString = 593BC3C01DBE763700B6D713;
			remoteInfo = "GroundBase-cpp";
		};
		5923E8941E82B95D00587675 /* PBXContainerItemProxy */ = {
			isa = PBXContainerItemProxy;
			containerPortal = 5923E88C1E82B95C00587675 /* GroundBase-cpp.xcodeproj */;
			proxyType = 2;
			remoteGlobalIDString = 593BC3D71DBE76CB00B6D713;
			remoteInfo = GBCPPTest;
		};
/* End PBXContainerItemProxy section */

/* Begin PBXCopyFilesBuildPhase section */
		591CF4EE1E855D06009279BA /* CopyFiles */ = {
			isa = PBXCopyFilesBuildPhase;
			buildActionMask = 2147483647;
			dstPath = /usr/share/man/man1/;
			dstSubfolderSpec = 0;
			files = (
			);
			runOnlyForDeploymentPostprocessing = 1;
		};
		59221BF51E87D80D006C09FE /* CopyFiles */ = {
			isa = PBXCopyFilesBuildPhase;
			buildActionMask = 2147483647;
			dstPath = /usr/share/man/man1/;
			dstSubfolderSpec = 0;
			files = (
			);
			runOnlyForDeploymentPostprocessing = 1;
		};
		5923E87D1E82B91F00587675 /* CopyFiles */ = {
			isa = PBXCopyFilesBuildPhase;
			buildActionMask = 2147483647;
			dstPath = /usr/share/man/man1/;
			dstSubfolderSpec = 0;
			files = (
			);
			runOnlyForDeploymentPostprocessing = 1;
		};
		59FA9D111E8ED3B800A96B57 /* CopyFiles */ = {
			isa = PBXCopyFilesBuildPhase;
			buildActionMask = 2147483647;
			dstPath = /usr/share/man/man1/;
			dstSubfolderSpec = 0;
			files = (
			);
			runOnlyForDeploymentPostprocessing = 1;
		};
/* End PBXCopyFilesBuildPhase section */

/* Begin PBXFileReference section */
		591CF4D31E85530C009279BA /* main.cpp */ = {isa = PBXFileReference; fileEncoding = 4; lastKnownFileType = sourcecode.cpp.cpp; path = main.cpp; sourceTree = "<group>"; };
		591CF4D61E855784009279BA /* CLElement.hpp */ = {isa = PBXFileReference; fileEncoding = 4; lastKnownFileType = sourcecode.cpp.h; path = CLElement.hpp; sourceTree = "<group>"; };
		591CF4D81E855A67009279BA /* CLElement.cpp */ = {isa = PBXFileReference; fileEncoding = 4; lastKnownFileType = sourcecode.cpp.cpp; path = CLElement.cpp; sourceTree = "<group>"; };
		591CF4DA1E855AFE009279BA /* GXElement.cpp */ = {isa = PBXFileReference; fileEncoding = 4; lastKnownFileType = sourcecode.cpp.cpp; name = GXElement.cpp; path = GX/GXElement.cpp; sourceTree = "<group>"; };
		591CF4DB1E855AFE009279BA /* GXElement.hpp */ = {isa = PBXFileReference; fileEncoding = 4; lastKnownFileType = sourcecode.cpp.h; name = GXElement.hpp; path = GX/GXElement.hpp; sourceTree = "<group>"; };
		591CF4DE1E855B78009279BA /* GXGeometry.cpp */ = {isa = PBXFileReference; fileEncoding = 4; lastKnownFileType = sourcecode.cpp.cpp; name = GXGeometry.cpp; path = GX/GXGeometry.cpp; sourceTree = "<group>"; };
		591CF4DF1E855B78009279BA /* GXGeometry.hpp */ = {isa = PBXFileReference; fileEncoding = 4; lastKnownFileType = sourcecode.cpp.h; name = GXGeometry.hpp; path = GX/GXGeometry.hpp; sourceTree = "<group>"; };
		591CF4F21E855D06009279BA /* GXTest */ = {isa = PBXFileReference; explicitFileType = "compiled.mach-o.executable"; includeInIndex = 0; path = GXTest; sourceTree = BUILT_PRODUCTS_DIR; };
		591CF4F31E855D23009279BA /* GXTestMain.cpp */ = {isa = PBXFileReference; fileEncoding = 4; lastKnownFileType = sourcecode.cpp.cpp; path = GXTestMain.cpp; sourceTree = "<group>"; };
		591CF4F71E855E77009279BA /* GXRenderer.cpp */ = {isa = PBXFileReference; fileEncoding = 4; lastKnownFileType = sourcecode.cpp.cpp; name = GXRenderer.cpp; path = GX/GXRenderer.cpp; sourceTree = "<group>"; };
		591CF4F81E855E77009279BA /* GXRenderer.hpp */ = {isa = PBXFileReference; fileEncoding = 4; lastKnownFileType = sourcecode.cpp.h; name = GXRenderer.hpp; path = GX/GXRenderer.hpp; sourceTree = "<group>"; };
		591CF4FB1E8568E8009279BA /* GXPath.cpp */ = {isa = PBXFileReference; fileEncoding = 4; lastKnownFileType = sourcecode.cpp.cpp; name = GXPath.cpp; path = GX/GXPath.cpp; sourceTree = "<group>"; };
		591CF4FC1E8568E8009279BA /* GXPath.hpp */ = {isa = PBXFileReference; fileEncoding = 4; lastKnownFileType = sourcecode.cpp.h; name = GXPath.hpp; path = GX/GXPath.hpp; sourceTree = "<group>"; };
		591CF4FE1E856914009279BA /* GXColors.cpp */ = {isa = PBXFileReference; fileEncoding = 4; lastKnownFileType = sourcecode.cpp.cpp; name = GXColors.cpp; path = GX/GXColors.cpp; sourceTree = "<group>"; };
		591CF4FF1E856914009279BA /* GXColors.hpp */ = {isa = PBXFileReference; fileEncoding = 4; lastKnownFileType = sourcecode.cpp.h; name = GXColors.hpp; path = GX/GXColors.hpp; sourceTree = "<group>"; };
		591CF5021E856975009279BA /* GXDefs.hpp */ = {isa = PBXFileReference; lastKnownFileType = sourcecode.cpp.h; name = GXDefs.hpp; path = GX/GXDefs.hpp; sourceTree = "<group>"; };
		591CF5031E857260009279BA /* Display.cpp */ = {isa = PBXFileReference; fileEncoding = 4; lastKnownFileType = sourcecode.cpp.cpp; name = Display.cpp; path = Display/Display.cpp; sourceTree = SOURCE_ROOT; };
		591CF5041E857260009279BA /* Display.hpp */ = {isa = PBXFileReference; fileEncoding = 4; lastKnownFileType = sourcecode.cpp.h; name = Display.hpp; path = Display/Display.hpp; sourceTree = SOURCE_ROOT; };
		591CF5081E857338009279BA /* DisplayImplRPI.cpp */ = {isa = PBXFileReference; fileEncoding = 4; lastKnownFileType = sourcecode.cpp.cpp; path = DisplayImplRPI.cpp; sourceTree = "<group>"; };
		591CF5091E857338009279BA /* DisplayImplRPI.hpp */ = {isa = PBXFileReference; fileEncoding = 4; lastKnownFileType = sourcecode.cpp.h; path = DisplayImplRPI.hpp; sourceTree = "<group>"; };
		591CF50B1E859578009279BA /* AbstractDisplayImpl.cpp */ = {isa = PBXFileReference; fileEncoding = 4; lastKnownFileType = sourcecode.cpp.cpp; path = AbstractDisplayImpl.cpp; sourceTree = "<group>"; };
		591CF50C1E859578009279BA /* AbstractDisplayImpl.hpp */ = {isa = PBXFileReference; fileEncoding = 4; lastKnownFileType = sourcecode.cpp.h; path = AbstractDisplayImpl.hpp; sourceTree = "<group>"; };
		591CF50E1E8599DE009279BA /* DisplayImplDum.cpp */ = {isa = PBXFileReference; fileEncoding = 4; lastKnownFileType = sourcecode.cpp.cpp; name = DisplayImplDum.cpp; path = Dummies/DisplayImplDum.cpp; sourceTree = SOURCE_ROOT; };
		591CF50F1E8599DE009279BA /* DisplayImplDum.hpp */ = {isa = PBXFileReference; fileEncoding = 4; lastKnownFileType = sourcecode.cpp.h; name = DisplayImplDum.hpp; path = Dummies/DisplayImplDum.hpp; sourceTree = SOURCE_ROOT; };
		59221BF91E87D80D006C09FE /* TestSelector */ = {isa = PBXFileReference; explicitFileType = "compiled.mach-o.executable"; includeInIndex = 0; path = TestSelector; sourceTree = BUILT_PRODUCTS_DIR; };
		59221BFA1E87D82F006C09FE /* TestSelector.cpp */ = {isa = PBXFileReference; fileEncoding = 4; lastKnownFileType = sourcecode.cpp.cpp; path = TestSelector.cpp; sourceTree = "<group>"; };
		5923E87F1E82B91F00587675 /* Celesta */ = {isa = PBXFileReference; explicitFileType = "compiled.mach-o.executable"; includeInIndex = 0; path = Celesta; sourceTree = BUILT_PRODUCTS_DIR; };
		5923E88C1E82B95C00587675 /* GroundBase-cpp.xcodeproj */ = {isa = PBXFileReference; lastKnownFileType = "wrapper.pb-project"; name = "GroundBase-cpp.xcodeproj"; path = "../FlyLab/GroundBase-cpp/GroundBase-cpp.xcodeproj"; sourceTree = "<group>"; };
		5923E8981E82B97300587675 /* libGroundBase.dylib */ = {isa = PBXFileReference; lastKnownFileType = "compiled.mach-o.dylib"; name = libGroundBase.dylib; path = "../../../../Library/Developer/Xcode/DerivedData/Celesta-awrmxhgwyxveadawcvgctxqmlhsd/Build/Products/Debug/libGroundBase.dylib"; sourceTree = "<group>"; };
		5923E8A21E82C05200587675 /* libGroundBase-cpp.dylib */ = {isa = PBXFileReference; lastKnownFileType = "compiled.mach-o.dylib"; name = "libGroundBase-cpp.dylib"; path = "../../../../../../usr/local/lib/libGroundBase-cpp.dylib"; sourceTree = "<group>"; };
		5923E8A31E82C05200587675 /* libGroundBase.dylib */ = {isa = PBXFileReference; lastKnownFileType = "compiled.mach-o.dylib"; name = libGroundBase.dylib; path = ../../../../../../usr/local/lib/libGroundBase.dylib; sourceTree = "<group>"; };
		5923E8A81E82C0A400587675 /* CLApplication.cpp */ = {isa = PBXFileReference; fileEncoding = 4; lastKnownFileType = sourcecode.cpp.cpp; path = CLApplication.cpp; sourceTree = "<group>"; };
		5923E8A91E82C0A400587675 /* CLApplication.hpp */ = {isa = PBXFileReference; fileEncoding = 4; lastKnownFileType = sourcecode.cpp.h; path = CLApplication.hpp; sourceTree = "<group>"; };
		5923E8B91E82C3C400587675 /* CLApplicationDelegate.cpp */ = {isa = PBXFileReference; fileEncoding = 4; lastKnownFileType = sourcecode.cpp.cpp; path = CLApplicationDelegate.cpp; sourceTree = "<group>"; };
		5923E8BA1E82C3C400587675 /* CLApplicationDelegate.hpp */ = {isa = PBXFileReference; fileEncoding = 4; lastKnownFileType = sourcecode.cpp.h; path = CLApplicationDelegate.hpp; sourceTree = "<group>"; };
		5923E8BF1E82C96E00587675 /* FileSystem.cpp */ = {isa = PBXFileReference; fileEncoding = 4; lastKnownFileType = sourcecode.cpp.cpp; path = FileSystem.cpp; sourceTree = "<group>"; };
		5923E8C01E82C96E00587675 /* FileSystem.hpp */ = {isa = PBXFileReference; fileEncoding = 4; lastKnownFileType = sourcecode.cpp.h; path = FileSystem.hpp; sourceTree = "<group>"; };
		5923E8C21E82C99C00587675 /* StringOperations.cpp */ = {isa = PBXFileReference; fileEncoding = 4; lastKnownFileType = sourcecode.cpp.cpp; path = StringOperations.cpp; sourceTree = "<group>"; };
		5923E8C31E82C99C00587675 /* StringOperations.hpp */ = {isa = PBXFileReference; fileEncoding = 4; lastKnownFileType = sourcecode.cpp.h; path = StringOperations.hpp; sourceTree = "<group>"; };
		59FA9CE91E8C176B00A96B57 /* GXLayer.cpp */ = {isa = PBXFileReference; fileEncoding = 4; lastKnownFileType = sourcecode.cpp.cpp; name = GXLayer.cpp; path = GX/GXLayer.cpp; sourceTree = "<group>"; };
		59FA9CEA1E8C176B00A96B57 /* GXLayer.hpp */ = {isa = PBXFileReference; fileEncoding = 4; lastKnownFileType = sourcecode.cpp.h; name = GXLayer.hpp; path = GX/GXLayer.hpp; sourceTree = "<group>"; };
		59FA9CFD1E8ED3A700A96B57 /* Curve.hpp */ = {isa = PBXFileReference; fileEncoding = 4; lastKnownFileType = sourcecode.cpp.h; path = Curve.hpp; sourceTree = "<group>"; };
		59FA9D151E8ED3B800A96B57 /* TestFonts */ = {isa = PBXFileReference; explicitFileType = "compiled.mach-o.executable"; includeInIndex = 0; path = TestFonts; sourceTree = BUILT_PRODUCTS_DIR; };
		59FA9D161E8ED3EA00A96B57 /* TestFonts.cpp */ = {isa = PBXFileReference; fileEncoding = 4; lastKnownFileType = sourcecode.cpp.cpp; path = TestFonts.cpp; sourceTree = "<group>"; };
		59FA9D191E8ED46900A96B57 /* FontParser.cpp */ = {isa = PBXFileReference; fileEncoding = 4; lastKnownFileType = sourcecode.cpp.cpp; path = FontParser.cpp; sourceTree = "<group>"; };
		59FA9D1A1E8ED46900A96B57 /* FontParser.hpp */ = {isa = PBXFileReference; fileEncoding = 4; lastKnownFileType = sourcecode.cpp.h; path = FontParser.hpp; sourceTree = "<group>"; };
		59FA9D1F1E8ED65000A96B57 /* libfreetype.dylib */ = {isa = PBXFileReference; lastKnownFileType = "compiled.mach-o.dylib"; name = libfreetype.dylib; path = ../../../../../../usr/local/lib/libfreetype.dylib; sourceTree = "<group>"; };
		59FA9D211E8F941100A96B57 /* GXFont.cpp */ = {isa = PBXFileReference; fileEncoding = 4; lastKnownFileType = sourcecode.cpp.cpp; path = GXFont.cpp; sourceTree = "<group>"; };
		59FA9D221E8F941100A96B57 /* GXFont.hpp */ = {isa = PBXFileReference; fileEncoding = 4; lastKnownFileType = sourcecode.cpp.h; path = GXFont.hpp; sourceTree = "<group>"; };
		59FA9D271E8FAAFD00A96B57 /* LayoutManager.cpp */ = {isa = PBXFileReference; fileEncoding = 4; lastKnownFileType = sourcecode.cpp.cpp; path = LayoutManager.cpp; sourceTree = "<group>"; };
		59FA9D281E8FAAFD00A96B57 /* LayoutManager.hpp */ = {isa = PBXFileReference; fileEncoding = 4; lastKnownFileType = sourcecode.cpp.h; path = LayoutManager.hpp; sourceTree = "<group>"; };
		59FA9D501E910D9900A96B57 /* GXText.cpp */ = {isa = PBXFileReference; fileEncoding = 4; lastKnownFileType = sourcecode.cpp.cpp; name = GXText.cpp; path = GX/GXText.cpp; sourceTree = "<group>"; };
		59FA9D511E910D9900A96B57 /* GXText.hpp */ = {isa = PBXFileReference; fileEncoding = 4; lastKnownFileType = sourcecode.cpp.h; name = GXText.hpp; path = GX/GXText.hpp; sourceTree = "<group>"; };
		59FA9D5F1E9158E600A96B57 /* TCPMouse.cpp */ = {isa = PBXFileReference; fileEncoding = 4; lastKnownFileType = sourcecode.cpp.cpp; path = TCPMouse.cpp; sourceTree = "<group>"; };
		59FA9D601E9158E600A96B57 /* TCPMouse.hpp */ = {isa = PBXFileReference; fileEncoding = 4; lastKnownFileType = sourcecode.cpp.h; path = TCPMouse.hpp; sourceTree = "<group>"; };
		59FA9D651E9160EF00A96B57 /* TCPMouseDefs.h */ = {isa = PBXFileReference; lastKnownFileType = sourcecode.c.h; path = TCPMouseDefs.h; sourceTree = "<group>"; };
		59FA9DA11E9236CE00A96B57 /* FontManager.cpp */ = {isa = PBXFileReference; fileEncoding = 4; lastKnownFileType = sourcecode.cpp.cpp; path = FontManager.cpp; sourceTree = "<group>"; };
		59FA9DA21E9236CE00A96B57 /* FontManager.hpp */ = {isa = PBXFileReference; fileEncoding = 4; lastKnownFileType = sourcecode.cpp.h; path = FontManager.hpp; sourceTree = "<group>"; };
/* End PBXFileReference section */

/* Begin PBXFrameworksBuildPhase section */
		591CF4EB1E855D06009279BA /* Frameworks */ = {
			isa = PBXFrameworksBuildPhase;
			buildActionMask = 2147483647;
			files = (
				591CF4EC1E855D06009279BA /* libGroundBase-cpp.dylib in Frameworks */,
				591CF4ED1E855D06009279BA /* libGroundBase.dylib in Frameworks */,
				59FA9D561E910DE800A96B57 /* libfreetype.dylib in Frameworks */,
			);
			runOnlyForDeploymentPostprocessing = 0;
		};
		59221BF21E87D80D006C09FE /* Frameworks */ = {
			isa = PBXFrameworksBuildPhase;
			buildActionMask = 2147483647;
			files = (
				59221BF31E87D80D006C09FE /* libGroundBase-cpp.dylib in Frameworks */,
				59221BF41E87D80D006C09FE /* libGroundBase.dylib in Frameworks */,
			);
			runOnlyForDeploymentPostprocessing = 0;
		};
		5923E87C1E82B91F00587675 /* Frameworks */ = {
			isa = PBXFrameworksBuildPhase;
			buildActionMask = 2147483647;
			files = (
				5923E8A41E82C05200587675 /* libGroundBase-cpp.dylib in Frameworks */,
				5923E8A51E82C05200587675 /* libGroundBase.dylib in Frameworks */,
			);
			runOnlyForDeploymentPostprocessing = 0;
		};
		59FA9D0E1E8ED3B800A96B57 /* Frameworks */ = {
			isa = PBXFrameworksBuildPhase;
			buildActionMask = 2147483647;
			files = (
				59FA9D0F1E8ED3B800A96B57 /* libGroundBase-cpp.dylib in Frameworks */,
				59FA9D101E8ED3B800A96B57 /* libGroundBase.dylib in Frameworks */,
				59FA9D201E8ED65000A96B57 /* libfreetype.dylib in Frameworks */,
			);
			runOnlyForDeploymentPostprocessing = 0;
		};
/* End PBXFrameworksBuildPhase section */

/* Begin PBXGroup section */
		591CF4D21E85530C009279BA /* CoreTest */ = {
			isa = PBXGroup;
			children = (
				591CF4F31E855D23009279BA /* GXTestMain.cpp */,
				59221BFA1E87D82F006C09FE /* TestSelector.cpp */,
				591CF4D31E85530C009279BA /* main.cpp */,
				59FA9D161E8ED3EA00A96B57 /* TestFonts.cpp */,
			);
			path = CoreTest;
			sourceTree = "<group>";
		};
		591CF4DD1E855B02009279BA /* GX */ = {
			isa = PBXGroup;
			children = (
				59FA9D501E910D9900A96B57 /* GXText.cpp */,
				59FA9D511E910D9900A96B57 /* GXText.hpp */,
				591CF5021E856975009279BA /* GXDefs.hpp */,
				591CF4FE1E856914009279BA /* GXColors.cpp */,
				591CF4FF1E856914009279BA /* GXColors.hpp */,
				591CF4FB1E8568E8009279BA /* GXPath.cpp */,
				591CF4FC1E8568E8009279BA /* GXPath.hpp */,
				591CF4DE1E855B78009279BA /* GXGeometry.cpp */,
				591CF4DF1E855B78009279BA /* GXGeometry.hpp */,
				59FA9CE91E8C176B00A96B57 /* GXLayer.cpp */,
				59FA9CEA1E8C176B00A96B57 /* GXLayer.hpp */,
				591CF4DA1E855AFE009279BA /* GXElement.cpp */,
				591CF4DB1E855AFE009279BA /* GXElement.hpp */,
				591CF4F71E855E77009279BA /* GXRenderer.cpp */,
				591CF4F81E855E77009279BA /* GXRenderer.hpp */,
			);
			name = GX;
			sourceTree = "<group>";
		};
		591CF5061E857267009279BA /* Display */ = {
			isa = PBXGroup;
			children = (
				591CF5071E857338009279BA /* impl */,
				591CF5031E857260009279BA /* Display.cpp */,
				591CF5041E857260009279BA /* Display.hpp */,
			);
			name = Display;
			sourceTree = "<group>";
		};
		591CF5071E857338009279BA /* impl */ = {
			isa = PBXGroup;
			children = (
				591CF5081E857338009279BA /* DisplayImplRPI.cpp */,
				591CF5091E857338009279BA /* DisplayImplRPI.hpp */,
				591CF50B1E859578009279BA /* AbstractDisplayImpl.cpp */,
				591CF50C1E859578009279BA /* AbstractDisplayImpl.hpp */,
			);
			name = impl;
			path = Display/impl;
			sourceTree = "<group>";
		};
		591CF5111E8599E1009279BA /* Dummies */ = {
			isa = PBXGroup;
			children = (
				591CF50E1E8599DE009279BA /* DisplayImplDum.cpp */,
				591CF50F1E8599DE009279BA /* DisplayImplDum.hpp */,
			);
			name = Dummies;
			path = CoreTest;
			sourceTree = "<group>";
		};
		5923E8761E82B91F00587675 = {
			isa = PBXGroup;
			children = (
				5923E88C1E82B95C00587675 /* GroundBase-cpp.xcodeproj */,
				59FA9D5E1E9158E600A96B57 /* Drivers */,
				59FA9D181E8ED46900A96B57 /* Fonts */,
				59FA9CFC1E8ED3A700A96B57 /* Data */,
				591CF5111E8599E1009279BA /* Dummies */,
				591CF4D21E85530C009279BA /* CoreTest */,
				591CF5061E857267009279BA /* Display */,
				5923E8891E82B94300587675 /* Core */,
				591CF4DD1E855B02009279BA /* GX */,
				5923E8801E82B91F00587675 /* Products */,
				5923E8971E82B97300587675 /* Frameworks */,
			);
			sourceTree = "<group>";
		};
		5923E8801E82B91F00587675 /* Products */ = {
			isa = PBXGroup;
			children = (
				5923E87F1E82B91F00587675 /* Celesta */,
				591CF4F21E855D06009279BA /* GXTest */,
				59221BF91E87D80D006C09FE /* TestSelector */,
				59FA9D151E8ED3B800A96B57 /* TestFonts */,
			);
			name = Products;
			sourceTree = "<group>";
		};
		5923E8891E82B94300587675 /* Core */ = {
			isa = PBXGroup;
			children = (
				591CF4D61E855784009279BA /* CLElement.hpp */,
				591CF4D81E855A67009279BA /* CLElement.cpp */,
				5923E8A81E82C0A400587675 /* CLApplication.cpp */,
				5923E8A91E82C0A400587675 /* CLApplication.hpp */,
				5923E8B91E82C3C400587675 /* CLApplicationDelegate.cpp */,
				5923E8BA1E82C3C400587675 /* CLApplicationDelegate.hpp */,
				5923E8C21E82C99C00587675 /* StringOperations.cpp */,
				5923E8C31E82C99C00587675 /* StringOperations.hpp */,
				5923E8BF1E82C96E00587675 /* FileSystem.cpp */,
				5923E8C01E82C96E00587675 /* FileSystem.hpp */,
			);
			path = Core;
			sourceTree = "<group>";
		};
		5923E88D1E82B95C00587675 /* Products */ = {
			isa = PBXGroup;
			children = (
				5923E8931E82B95D00587675 /* libGroundBase-cpp.dylib */,
				5923E8951E82B95D00587675 /* GBCPPTest */,
			);
			name = Products;
			sourceTree = "<group>";
		};
		5923E8971E82B97300587675 /* Frameworks */ = {
			isa = PBXGroup;
			children = (
				59FA9D1F1E8ED65000A96B57 /* libfreetype.dylib */,
				5923E8A21E82C05200587675 /* libGroundBase-cpp.dylib */,
				5923E8A31E82C05200587675 /* libGroundBase.dylib */,
				5923E8981E82B97300587675 /* libGroundBase.dylib */,
			);
			name = Frameworks;
			sourceTree = "<group>";
		};
		59FA9CFC1E8ED3A700A96B57 /* Data */ = {
			isa = PBXGroup;
			children = (
				59FA9CFD1E8ED3A700A96B57 /* Curve.hpp */,
			);
			path = Data;
			sourceTree = "<group>";
		};
		59FA9D181E8ED46900A96B57 /* Fonts */ = {
			isa = PBXGroup;
			children = (
				59FA9D271E8FAAFD00A96B57 /* LayoutManager.cpp */,
				59FA9D281E8FAAFD00A96B57 /* LayoutManager.hpp */,
				59FA9D211E8F941100A96B57 /* GXFont.cpp */,
				59FA9D221E8F941100A96B57 /* GXFont.hpp */,
				59FA9D191E8ED46900A96B57 /* FontParser.cpp */,
				59FA9D1A1E8ED46900A96B57 /* FontParser.hpp */,
				59FA9DA11E9236CE00A96B57 /* FontManager.cpp */,
				59FA9DA21E9236CE00A96B57 /* FontManager.hpp */,
			);
			path = Fonts;
			sourceTree = "<group>";
		};
		59FA9D5E1E9158E600A96B57 /* Drivers */ = {
			isa = PBXGroup;
			children = (
				59FA9D5F1E9158E600A96B57 /* TCPMouse.cpp */,
				59FA9D601E9158E600A96B57 /* TCPMouse.hpp */,
				59FA9D651E9160EF00A96B57 /* TCPMouseDefs.h */,
			);
			path = Drivers;
			sourceTree = "<group>";
		};
/* End PBXGroup section */

/* Begin PBXNativeTarget section */
		591CF4E11E855D06009279BA /* GXTest */ = {
			isa = PBXNativeTarget;
			buildConfigurationList = 591CF4EF1E855D06009279BA /* Build configuration list for PBXNativeTarget "GXTest" */;
			buildPhases = (
				591CF4E21E855D06009279BA /* Sources */,
				591CF4EB1E855D06009279BA /* Frameworks */,
				591CF4EE1E855D06009279BA /* CopyFiles */,
			);
			buildRules = (
			);
			dependencies = (
			);
			name = GXTest;
			productName = Celesta;
			productReference = 591CF4F21E855D06009279BA /* GXTest */;
			productType = "com.apple.product-type.tool";
		};
		59221BE21E87D80D006C09FE /* TestSelector */ = {
			isa = PBXNativeTarget;
			buildConfigurationList = 59221BF61E87D80D006C09FE /* Build configuration list for PBXNativeTarget "TestSelector" */;
			buildPhases = (
				59221BE31E87D80D006C09FE /* Sources */,
				59221BF21E87D80D006C09FE /* Frameworks */,
				59221BF51E87D80D006C09FE /* CopyFiles */,
			);
			buildRules = (
			);
			dependencies = (
			);
			name = TestSelector;
			productName = Celesta;
			productReference = 59221BF91E87D80D006C09FE /* TestSelector */;
			productType = "com.apple.product-type.tool";
		};
		5923E87E1E82B91F00587675 /* Celesta */ = {
			isa = PBXNativeTarget;
			buildConfigurationList = 5923E8861E82B91F00587675 /* Build configuration list for PBXNativeTarget "Celesta" */;
			buildPhases = (
				5923E87B1E82B91F00587675 /* Sources */,
				5923E87C1E82B91F00587675 /* Frameworks */,
				5923E87D1E82B91F00587675 /* CopyFiles */,
			);
			buildRules = (
			);
			dependencies = (
			);
			name = Celesta;
			productName = Celesta;
			productReference = 5923E87F1E82B91F00587675 /* Celesta */;
			productType = "com.apple.product-type.tool";
		};
		59FA9CFE1E8ED3B800A96B57 /* TestFonts */ = {
			isa = PBXNativeTarget;
			buildConfigurationList = 59FA9D121E8ED3B800A96B57 /* Build configuration list for PBXNativeTarget "TestFonts" */;
			buildPhases = (
				59FA9CFF1E8ED3B800A96B57 /* Sources */,
				59FA9D0E1E8ED3B800A96B57 /* Frameworks */,
				59FA9D111E8ED3B800A96B57 /* CopyFiles */,
			);
			buildRules = (
			);
			dependencies = (
			);
			name = TestFonts;
			productName = Celesta;
			productReference = 59FA9D151E8ED3B800A96B57 /* TestFonts */;
			productType = "com.apple.product-type.tool";
		};
/* End PBXNativeTarget section */

/* Begin PBXProject section */
		5923E8771E82B91F00587675 /* Project object */ = {
			isa = PBXProject;
			attributes = {
				LastUpgradeCheck = 0820;
				ORGANIZATIONNAME = "Unlimited Development";
				TargetAttributes = {
					5923E87E1E82B91F00587675 = {
						CreatedOnToolsVersion = 8.2;
						ProvisioningStyle = Automatic;
					};
				};
			};
			buildConfigurationList = 5923E87A1E82B91F00587675 /* Build configuration list for PBXProject "Celesta" */;
			compatibilityVersion = "Xcode 3.2";
			developmentRegion = English;
			hasScannedForEncodings = 0;
			knownRegions = (
				en,
			);
			mainGroup = 5923E8761E82B91F00587675;
			productRefGroup = 5923E8801E82B91F00587675 /* Products */;
			projectDirPath = "";
			projectReferences = (
				{
					ProductGroup = 5923E88D1E82B95C00587675 /* Products */;
					ProjectRef = 5923E88C1E82B95C00587675 /* GroundBase-cpp.xcodeproj */;
				},
			);
			projectRoot = "";
			targets = (
				5923E87E1E82B91F00587675 /* Celesta */,
				591CF4E11E855D06009279BA /* GXTest */,
				59221BE21E87D80D006C09FE /* TestSelector */,
				59FA9CFE1E8ED3B800A96B57 /* TestFonts */,
			);
		};
/* End PBXProject section */

/* Begin PBXReferenceProxy section */
		5923E8931E82B95D00587675 /* libGroundBase-cpp.dylib */ = {
			isa = PBXReferenceProxy;
			fileType = "compiled.mach-o.dylib";
			path = "libGroundBase-cpp.dylib";
			remoteRef = 5923E8921E82B95D00587675 /* PBXContainerItemProxy */;
			sourceTree = BUILT_PRODUCTS_DIR;
		};
		5923E8951E82B95D00587675 /* GBCPPTest */ = {
			isa = PBXReferenceProxy;
			fileType = "compiled.mach-o.executable";
			path = GBCPPTest;
			remoteRef = 5923E8941E82B95D00587675 /* PBXContainerItemProxy */;
			sourceTree = BUILT_PRODUCTS_DIR;
		};
/* End PBXReferenceProxy section */

/* Begin PBXSourcesBuildPhase section */
		591CF4E21E855D06009279BA /* Sources */ = {
			isa = PBXSourcesBuildPhase;
			buildActionMask = 2147483647;
			files = (
				59FA9CEC1E8C176B00A96B57 /* GXLayer.cpp in Sources */,
				591CF4FA1E855EF0009279BA /* GXRenderer.cpp in Sources */,
				591CF5101E8599DE009279BA /* DisplayImplDum.cpp in Sources */,
				59FA9D1C1E8ED46900A96B57 /* FontParser.cpp in Sources */,
				59FA9D241E8F941100A96B57 /* GXFont.cpp in Sources */,
				59FA9D621E9158E600A96B57 /* TCPMouse.cpp in Sources */,
				591CF4E31E855D06009279BA /* CLElement.cpp in Sources */,
				591CF5051E857260009279BA /* Display.cpp in Sources */,
				591CF4E41E855D06009279BA /* StringOperations.cpp in Sources */,
				591CF50D1E859578009279BA /* AbstractDisplayImpl.cpp in Sources */,
				59FA9D2A1E8FAAFD00A96B57 /* LayoutManager.cpp in Sources */,
				591CF4E51E855D06009279BA /* GXGeometry.cpp in Sources */,
				591CF4F61E855D33009279BA /* GXTestMain.cpp in Sources */,
				591CF4FD1E8568E8009279BA /* GXPath.cpp in Sources */,
				59FA9D531E910D9900A96B57 /* GXText.cpp in Sources */,
				591CF4E61E855D06009279BA /* FileSystem.cpp in Sources */,
				591CF4E71E855D06009279BA /* CLApplicationDelegate.cpp in Sources */,
				59FA9DA41E9236CE00A96B57 /* FontManager.cpp in Sources */,
				591CF5001E856914009279BA /* GXColors.cpp in Sources */,
				591CF4E81E855D06009279BA /* GXElement.cpp in Sources */,
				591CF4EA1E855D06009279BA /* CLApplication.cpp in Sources */,
			);
			runOnlyForDeploymentPostprocessing = 0;
		};
		59221BE31E87D80D006C09FE /* Sources */ = {
			isa = PBXSourcesBuildPhase;
			buildActionMask = 2147483647;
			files = (
				59221BE41E87D80D006C09FE /* GXRenderer.cpp in Sources */,
				59FA9D251E8F941100A96B57 /* GXFont.cpp in Sources */,
				59FA9DA51E9236CE00A96B57 /* FontManager.cpp in Sources */,
				59221BE51E87D80D006C09FE /* DisplayImplDum.cpp in Sources */,
				59221BE61E87D80D006C09FE /* CLElement.cpp in Sources */,
				59FA9D631E9158E600A96B57 /* TCPMouse.cpp in Sources */,
				59221BE71E87D80D006C09FE /* Display.cpp in Sources */,
				59FA9D541E910D9900A96B57 /* GXText.cpp in Sources */,
				59221BE81E87D80D006C09FE /* StringOperations.cpp in Sources */,
				59221BE91E87D80D006C09FE /* AbstractDisplayImpl.cpp in Sources */,
				59221BEA1E87D80D006C09FE /* GXGeometry.cpp in Sources */,
				59221BEC1E87D80D006C09FE /* GXPath.cpp in Sources */,
				59221BFB1E87D82F006C09FE /* TestSelector.cpp in Sources */,
				59FA9D1D1E8ED46900A96B57 /* FontParser.cpp in Sources */,
				59221BED1E87D80D006C09FE /* FileSystem.cpp in Sources */,
				59221BEE1E87D80D006C09FE /* CLApplicationDelegate.cpp in Sources */,
				59221BEF1E87D80D006C09FE /* GXColors.cpp in Sources */,
				59221BF01E87D80D006C09FE /* GXElement.cpp in Sources */,
				59221BF11E87D80D006C09FE /* CLApplication.cpp in Sources */,
				59FA9D2B1E8FAAFD00A96B57 /* LayoutManager.cpp in Sources */,
			);
			runOnlyForDeploymentPostprocessing = 0;
		};
		5923E87B1E82B91F00587675 /* Sources */ = {
			isa = PBXSourcesBuildPhase;
			buildActionMask = 2147483647;
			files = (
				591CF4D91E855A67009279BA /* CLElement.cpp in Sources */,
				5923E8C41E82C99C00587675 /* StringOperations.cpp in Sources */,
				591CF4F51E855D2D009279BA /* main.cpp in Sources */,
				591CF4E01E855B78009279BA /* GXGeometry.cpp in Sources */,
				59FA9D611E9158E600A96B57 /* TCPMouse.cpp in Sources */,
				5923E8C11E82C96E00587675 /* FileSystem.cpp in Sources */,
				59FA9D231E8F941100A96B57 /* GXFont.cpp in Sources */,
				59FA9D291E8FAAFD00A96B57 /* LayoutManager.cpp in Sources */,
				59221BE11E87D7F1006C09FE /* GXRenderer.cpp in Sources */,
				59FA9CEB1E8C176B00A96B57 /* GXLayer.cpp in Sources */,
				59221BE01E87D7E9006C09FE /* GXPath.cpp in Sources */,
				59221BDD1E87D7E5006C09FE /* GXColors.cpp in Sources */,
				5923E8BB1E82C3C400587675 /* CLApplicationDelegate.cpp in Sources */,
				591CF4DC1E855AFE009279BA /* GXElement.cpp in Sources */,
				59FA9DA31E9236CE00A96B57 /* FontManager.cpp in Sources */,
				5923E8AA1E82C0A400587675 /* CLApplication.cpp in Sources */,
				59FA9D1B1E8ED46900A96B57 /* FontParser.cpp in Sources */,
				59FA9D521E910D9900A96B57 /* GXText.cpp in Sources */,
			);
			runOnlyForDeploymentPostprocessing = 0;
		};
		59FA9CFF1E8ED3B800A96B57 /* Sources */ = {
			isa = PBXSourcesBuildPhase;
			buildActionMask = 2147483647;
			files = (
				59FA9D001E8ED3B800A96B57 /* GXRenderer.cpp in Sources */,
				59FA9D261E8F941100A96B57 /* GXFont.cpp in Sources */,
				59FA9DA61E9236CE00A96B57 /* FontManager.cpp in Sources */,
				59FA9D011E8ED3B800A96B57 /* DisplayImplDum.cpp in Sources */,
				59FA9D021E8ED3B800A96B57 /* CLElement.cpp in Sources */,
				59FA9D641E9158E600A96B57 /* TCPMouse.cpp in Sources */,
				59FA9D031E8ED3B800A96B57 /* Display.cpp in Sources */,
				59FA9D551E910D9900A96B57 /* GXText.cpp in Sources */,
				59FA9D041E8ED3B800A96B57 /* StringOperations.cpp in Sources */,
				59FA9D051E8ED3B800A96B57 /* AbstractDisplayImpl.cpp in Sources */,
				59FA9D061E8ED3B800A96B57 /* GXGeometry.cpp in Sources */,
				59FA9D071E8ED3B800A96B57 /* GXPath.cpp in Sources */,
				59FA9D171E8ED3EA00A96B57 /* TestFonts.cpp in Sources */,
				59FA9D1E1E8ED46900A96B57 /* FontParser.cpp in Sources */,
				59FA9D091E8ED3B800A96B57 /* FileSystem.cpp in Sources */,
				59FA9D0A1E8ED3B800A96B57 /* CLApplicationDelegate.cpp in Sources */,
				59FA9D0B1E8ED3B800A96B57 /* GXColors.cpp in Sources */,
				59FA9D0C1E8ED3B800A96B57 /* GXElement.cpp in Sources */,
				59FA9D0D1E8ED3B800A96B57 /* CLApplication.cpp in Sources */,
				59FA9D2C1E8FAAFD00A96B57 /* LayoutManager.cpp in Sources */,
			);
			runOnlyForDeploymentPostprocessing = 0;
		};
/* End PBXSourcesBuildPhase section */

/* Begin XCBuildConfiguration section */
		591CF4F01E855D06009279BA /* Debug */ = {
			isa = XCBuildConfiguration;
			buildSettings = {
				PRODUCT_NAME = "$(TARGET_NAME)";
			};
			name = Debug;
		};
		591CF4F11E855D06009279BA /* Release */ = {
			isa = XCBuildConfiguration;
			buildSettings = {
				PRODUCT_NAME = "$(TARGET_NAME)";
			};
			name = Release;
		};
		59221BF71E87D80D006C09FE /* Debug */ = {
			isa = XCBuildConfiguration;
			buildSettings = {
				PRODUCT_NAME = "$(TARGET_NAME)";
			};
			name = Debug;
		};
		59221BF81E87D80D006C09FE /* Release */ = {
			isa = XCBuildConfiguration;
			buildSettings = {
				PRODUCT_NAME = "$(TARGET_NAME)";
			};
			name = Release;
		};
		5923E8841E82B91F00587675 /* Debug */ = {
			isa = XCBuildConfiguration;
			buildSettings = {
				ALWAYS_SEARCH_USER_PATHS = NO;
				CLANG_ANALYZER_NONNULL = YES;
				CLANG_CXX_LANGUAGE_STANDARD = "gnu++0x";
				CLANG_CXX_LIBRARY = "libc++";
				CLANG_ENABLE_MODULES = YES;
				CLANG_ENABLE_OBJC_ARC = YES;
				CLANG_WARN_BOOL_CONVERSION = YES;
				CLANG_WARN_CONSTANT_CONVERSION = YES;
				CLANG_WARN_DIRECT_OBJC_ISA_USAGE = YES_ERROR;
				CLANG_WARN_DOCUMENTATION_COMMENTS = YES;
				CLANG_WARN_EMPTY_BODY = YES;
				CLANG_WARN_ENUM_CONVERSION = YES;
				CLANG_WARN_INFINITE_RECURSION = YES;
				CLANG_WARN_INT_CONVERSION = YES;
				CLANG_WARN_OBJC_ROOT_CLASS = YES_ERROR;
				CLANG_WARN_SUSPICIOUS_MOVE = YES;
				CLANG_WARN_UNREACHABLE_CODE = YES;
				CLANG_WARN__DUPLICATE_METHOD_MATCH = YES;
				CODE_SIGN_IDENTITY = "-";
				COPY_PHASE_STRIP = NO;
				DEBUG_INFORMATION_FORMAT = dwarf;
				ENABLE_STRICT_OBJC_MSGSEND = YES;
				ENABLE_TESTABILITY = YES;
				GCC_C_LANGUAGE_STANDARD = gnu99;
				GCC_DYNAMIC_NO_PIC = NO;
				GCC_NO_COMMON_BLOCKS = YES;
				GCC_OPTIMIZATION_LEVEL = 0;
				GCC_PREPROCESSOR_DEFINITIONS = (
					"DEBUG=1",
					"$(inherited)",
				);
				GCC_WARN_64_TO_32_BIT_CONVERSION = YES;
				GCC_WARN_ABOUT_RETURN_TYPE = YES_ERROR;
				GCC_WARN_UNDECLARED_SELECTOR = YES;
				GCC_WARN_UNINITIALIZED_AUTOS = YES_AGGRESSIVE;
				GCC_WARN_UNUSED_FUNCTION = YES;
				GCC_WARN_UNUSED_VARIABLE = YES;
				HEADER_SEARCH_PATHS = (
					/usr/local/include/GroundBase/,
					/usr/local/include/freetype2/,
				);
				LIBRARY_SEARCH_PATHS = /usr/local/lib/;
				MACOSX_DEPLOYMENT_TARGET = 10.12;
				MTL_ENABLE_DEBUG_INFO = YES;
				ONLY_ACTIVE_ARCH = YES;
				SDKROOT = macosx;
			};
			name = Debug;
		};
		5923E8851E82B91F00587675 /* Release */ = {
			isa = XCBuildConfiguration;
			buildSettings = {
				ALWAYS_SEARCH_USER_PATHS = NO;
				CLANG_ANALYZER_NONNULL = YES;
				CLANG_CXX_LANGUAGE_STANDARD = "gnu++0x";
				CLANG_CXX_LIBRARY = "libc++";
				CLANG_ENABLE_MODULES = YES;
				CLANG_ENABLE_OBJC_ARC = YES;
				CLANG_WARN_BOOL_CONVERSION = YES;
				CLANG_WARN_CONSTANT_CONVERSION = YES;
				CLANG_WARN_DIRECT_OBJC_ISA_USAGE = YES_ERROR;
				CLANG_WARN_DOCUMENTATION_COMMENTS = YES;
				CLANG_WARN_EMPTY_BODY = YES;
				CLANG_WARN_ENUM_CONVERSION = YES;
				CLANG_WARN_INFINITE_RECURSION = YES;
				CLANG_WARN_INT_CONVERSION = YES;
				CLANG_WARN_OBJC_ROOT_CLASS = YES_ERROR;
				CLANG_WARN_SUSPICIOUS_MOVE = YES;
				CLANG_WARN_UNREACHABLE_CODE = YES;
				CLANG_WARN__DUPLICATE_METHOD_MATCH = YES;
				CODE_SIGN_IDENTITY = "-";
				COPY_PHASE_STRIP = NO;
				DEBUG_INFORMATION_FORMAT = "dwarf-with-dsym";
				ENABLE_NS_ASSERTIONS = NO;
				ENABLE_STRICT_OBJC_MSGSEND = YES;
				GCC_C_LANGUAGE_STANDARD = gnu99;
				GCC_NO_COMMON_BLOCKS = YES;
				GCC_WARN_64_TO_32_BIT_CONVERSION = YES;
				GCC_WARN_ABOUT_RETURN_TYPE = YES_ERROR;
				GCC_WARN_UNDECLARED_SELECTOR = YES;
				GCC_WARN_UNINITIALIZED_AUTOS = YES_AGGRESSIVE;
				GCC_WARN_UNUSED_FUNCTION = YES;
				GCC_WARN_UNUSED_VARIABLE = YES;
				HEADER_SEARCH_PATHS = (
					/usr/local/include/GroundBase/,
					/usr/local/include/freetype2/,
				);
				LIBRARY_SEARCH_PATHS = /usr/local/lib/;
				MACOSX_DEPLOYMENT_TARGET = 10.12;
				MTL_ENABLE_DEBUG_INFO = NO;
				SDKROOT = macosx;
			};
			name = Release;
		};
		5923E8871E82B91F00587675 /* Debug */ = {
			isa = XCBuildConfiguration;
			buildSettings = {
				PRODUCT_NAME = "$(TARGET_NAME)";
			};
			name = Debug;
		};
		5923E8881E82B91F00587675 /* Release */ = {
			isa = XCBuildConfiguration;
			buildSettings = {
				PRODUCT_NAME = "$(TARGET_NAME)";
			};
			name = Release;
		};
		59FA9D131E8ED3B800A96B57 /* Debug */ = {
			isa = XCBuildConfiguration;
			buildSettings = {
				PRODUCT_NAME = "$(TARGET_NAME)";
			};
			name = Debug;
		};
		59FA9D141E8ED3B800A96B57 /* Release */ = {
			isa = XCBuildConfiguration;
			buildSettings = {
				PRODUCT_NAME = "$(TARGET_NAME)";
			};
			name = Release;
		};
/* End XCBuildConfiguration section */

/* Begin XCConfigurationList section */
		591CF4EF1E855D06009279BA /* Build configuration list for PBXNativeTarget "GXTest" */ = {
			isa = XCConfigurationList;
			buildConfigurations = (
				591CF4F01E855D06009279BA /* Debug */,
				591CF4F11E855D06009279BA /* Release */,
			);
			defaultConfigurationIsVisible = 0;
			defaultConfigurationName = Release;
		};
		59221BF61E87D80D006C09FE /* Build configuration list for PBXNativeTarget "TestSelector" */ = {
			isa = XCConfigurationList;
			buildConfigurations = (
				59221BF71E87D80D006C09FE /* Debug */,
				59221BF81E87D80D006C09FE /* Release */,
			);
			defaultConfigurationIsVisible = 0;
			defaultConfigurationName = Release;
		};
		5923E87A1E82B91F00587675 /* Build configuration list for PBXProject "Celesta" */ = {
			isa = XCConfigurationList;
			buildConfigurations = (
				5923E8841E82B91F00587675 /* Debug */,
				5923E8851E82B91F00587675 /* Release */,
			);
			defaultConfigurationIsVisible = 0;
			defaultConfigurationName = Release;
		};
		5923E8861E82B91F00587675 /* Build configuration list for PBXNativeTarget "Celesta" */ = {
			isa = XCConfigurationList;
			buildConfigurations = (
				5923E8871E82B91F00587675 /* Debug */,
				5923E8881E82B91F00587675 /* Release */,
			);
			defaultConfigurationIsVisible = 0;
			defaultConfigurationName = Release;
		};
		59FA9D121E8ED3B800A96B57 /* Build configuration list for PBXNativeTarget "TestFonts" */ = {
			isa = XCConfigurationList;
			buildConfigurations = (
				59FA9D131E8ED3B800A96B57 /* Debug */,
				59FA9D141E8ED3B800A96B57 /* Release */,
			);
			defaultConfigurationIsVisible = 0;
			defaultConfigurationName = Release;
		};
/* End XCConfigurationList section */
	};
	rootObject = 5923E8771E82B91F00587675 /* Project object */;
}
